{
  "lockfileVersion": 1,
  "configVersion": 1,
  "workspaces": {
    "": {
      "name": "stint",
      "devDependencies": {
        "@biomejs/biome": "2.5.15",
        "@playwright/test": "1.56.1",
        "@types/bun": "1.4.2",
        "typescript": "5.9.3",
      },
    },
    "apps/server": {
      "name": "@stint/server",
      "version": "0.1.0",
      "dependencies": {
        "@stint/shared": "workspace:*",
        "hono": "4.13.12",
        "zod": "4.6.5",
      },
    },
    "packages/shared": {
      "name": "@stint/shared",
      "version": "0.1.0",
      "dependencies": {
        "zod": "4.6.5",
      },
    },
  },
  "packages": {
    "@biomejs/biome": ["@biomejs/biome@2.5.15", "", { "optionalDependencies": { "@biomejs/cli-darwin-arm64": "2.5.15", "@biomejs/cli-darwin-x64": "2.5.15", "@biomejs/cli-linux-arm64": "2.5.15", "@biomejs/cli-linux-arm64-musl": "2.5.15", "@biomejs/cli-linux-x64": "2.5.15", "@biomejs/cli-linux-x64-musl": "2.5.15", "@biomejs/cli-win32-arm64": "2.5.15", "@biomejs/cli-win32-x64": "2.5.15" }, "bin": { "biome": "bin/biome" } }, "sha512-WZTW4slm/pdkh92K6t/3aEN++44JD1PQ7squ7RCMLI1flHGl43DVOIGXvCjHiZgBMO1V4uYxoFNtqrIA4qGuIQ=="],

    "@biomejs/cli-darwin-arm64": ["@biomejs/cli-darwin-arm64@2.5.15", "", { "os": "darwin", "cpu": "arm64" }, "sha512-BZVzFhJ/mUvTLMYbc9x6el0o2Uv5zP7bACYyhFb6fSc1giroXm7PL0a5KqMJ9F+/BnkYRjagD/ROSDVOZ6eapg=="],

    "@biomejs/cli-darwin-x64": ["@biomejs/cli-darwin-x64@2.5.15", "", { "os": "darwin", "cpu": "x64" }, "sha512-V5Kw63V+fVGNFhFrizDxMbGXAzZCh8kYzJpy3GI6gTapWDg7bZK9oYC9CbVgQSEdTnupz0U5Efz8Ev+5vdBBXw=="],

    "@biomejs/cli-linux-arm64": ["@biomejs/cli-linux-arm64@2.5.15", "", { "os": "linux", "cpu": "arm64" }, "sha512-XaG7P7eeSLYETD3K9grfB0mQmpLQZjygdbsxekWBJAg4am79fGAtRpfRyNnTvXB2fZFNnJZG3nXm7HBat0+VUw=="],

    "@biomejs/cli-linux-arm64-musl": ["@biomejs/cli-linux-arm64-musl@2.5.15", "", { "os": "linux", "cpu": "arm64" }, "sha512-tGzZUTcJCV7tj5Adh/Gn6nR4MycqA3iohq2LEcrarAgRBkU0h0OKd2UzCRkOsOYOuUGaUJb4YmqRqyy2feGGSw=="],

    "@biomejs/cli-linux-x64": ["@biomejs/cli-linux-x64@2.5.15", "", { "os": "linux", "cpu": "x64" }, "sha512-xE4iEW/3LqlYj9GFgGrFsFSH51dEEpUbYWBfeOv0q87WkUDxK2o/HhreSb7qMJqck70RVM6Lg96hgedcAYcOkA=="],

    "@biomejs/cli-linux-x64-musl": ["@biomejs/cli-linux-x64-musl@2.5.15", "", { "os": "linux", "cpu": "x64" }, "sha512-IlxUcyxilVGPsE008x13pWdkTbU3nQpP2i9b5UrbOYj6goBkKsRX1XB7yJLcV+O1H9LBchIIm4adOaVLZBX0ZQ=="],

    "@biomejs/cli-win32-arm64": ["@biomejs/cli-win32-arm64@2.5.15", "", { "os": "win32", "cpu": "arm64" }, "sha512-2kPKzhNlm8C+Ru3GcO0Me2ODkCBLrVOUNuyi84RJyWDVKAA4+Kjj3jMjL938lF6BRfvltC4vB2nPY9SvN51Ovg=="],

    "@biomejs/cli-win32-x64": ["@biomejs/cli-win32-x64@2.5.15", "", { "os": "win32", "cpu": "x64" }, "sha512-yAzh4UqEImV6Hcy0zjUqNfJAsUhoD64FBQCdTG8Md/Z2wQeVP/ZmJ3XRYAs1g8J9fjTFyl2fCtc5FB5til47+g=="],

    "@playwright/test": ["@playwright/test@1.56.1", "", { "dependencies": { "playwright": "1.56.1" }, "bin": { "playwright": "cli.js" } }, "sha512-vSMYtL/zOcFpvJCW71Q/OEGQb7KYBPAdKh35WNSkaZA75JlAO8ED8UN6GUNTm3drWomcbcqRPFqQbLae8yBTdg=="],

    "@stint/server": ["@stint/server@workspace:apps/server"],

    "@stint/shared": ["@stint/shared@workspace:packages/shared"],

    "@types/bun": ["@types/bun@1.4.2", "", { "dependencies": { "bun-types": "1.4.2" } }, "sha512-GimotNn7+ZV0uVArItBbriZsR1oNf0+WTzPkdcFrzShI7k2norL0uzEaJT8T33dWr7O/c9ZDuAFQrctKCi72oQ=="],

    "@types/node": ["@types/node@26.6.3", "", { "dependencies": { "undici-types": "~8.9.0" } }, "sha512-dsqMQQoeTLqu9wynDD00q573mNzso3IdQOAfHRJqLCcmCFPoGo9A1bDpUcv/9tnKpErQWv9uKeGfl37EIS02Yg=="],

    "bun-types": ["bun-types@1.4.2", "", { "dependencies": { "@types/node": "*" } }, "sha512-bxV1FgK7yBIzjRe5zBozIM4Bem11ZJcCXSrjWRG3YWLt8yFDePu4cLjpebO8OvPeIE9trbyPF4fuj3Cia4Fj3w=="],

    "fsevents": ["fsevents@2.3.2", "", { "os": "darwin" }, "sha512-xiqMQR4xAeHTuB9uWm+fFRcIOgKBMiOBP+eXiyT7jsgVCq1bkVygt00oASowB7EdtpOHaaPgKt812P9ab+DDKA=="],

    "hono": ["hono@4.13.12", "", {}, "sha512-6E2QDAc9Ick9Sq77ZrGS/dk2WUYni91aufTw6LJKpV7w8kW5/GxVUc650FOADOmlwg3K+f7Pun6XlV+pYmW6gw=="],

    "playwright": ["playwright@1.56.1", "", { "dependencies": { "playwright-core": "1.56.1" }, "optionalDependencies": { "fsevents": "2.3.2" }, "bin": { "playwright": "cli.js" } }, "sha512-aFi5B0WovBHTEvpM3DzXTUaeN6eN0qWnTkKx4NQaH4Wvcmc153PdaY2UBdSYKaGYw+UyWXSVyxDUg5DoPEttjw=="],

    "playwright-core": ["playwright-core@1.56.1", "", { "bin": { "playwright-core": "cli.js" } }, "sha512-hutraynyn31F+Bifme+Ps9Vq59hKuUCz7H1kDOcBs+2oGguKkWTU50bBWrtz34OUWmIwpBTWDxaRPXrIXkgvmQ=="],

    "typescript": ["typescript@5.9.3", "", { "bin": { "tsc": "bin/tsc", "tsserver": "bin/tsserver" } }, "sha512-jl1vZzPDinLr9eUt3J/t7V6FgNEw9QjvBPdysz9KfQDD41fQrC2Y4vKQdiaUpFT4bXlb1RHhLpp8wtm6M5TgSw=="],

    "undici-types": ["undici-types@8.9.0", "", {}, "sha512-KTDyRTYX8sWmKXAikPHHSyc63CRPETMctyjKFupcC6OBLXT3xsN0e9aF7m+mIXutFWpUXuedtowG7iLOzp0kQg=="],

    "zod": ["zod@4.6.5", "", {}, "sha512-v5l/aFXZQeai4awLbOpSoHecE9UiMrnfx75tEXLjNonXVARxQ5mOeipTjROUchszUNCqnE+hqAMujRsRHsut2Q=="],
  }
}
